
Microsoft Visual Studio Solution File, Format Version 12.00
# Visual Studio Version 17
VisualStudioVersion = 17.5.33627.172
MinimumVisualStudioVersion = 10.0.40219.1
Project("{FAE04EC0-301F-11D3-BF4B-00C04F79EFBC}") = "LaunchPad", "LaunchPad\LaunchPad.csproj", "{0ED016BF-B2C5-49C6-94DB-2AB60E01DF93}"
EndProject
Global
	GlobalSection(SolutionConfigurationPlatforms) = preSolution
		Debug|Any CPU = Debug|Any CPU
		Release|Any CPU = Release|Any CPU
	EndGlobalSection
	GlobalSection(ProjectConfigurationPlatforms) = postSolution
		{0ED016BF-B2C5-49C6-94DB-2AB60E01DF93}.Debug|Any CPU.ActiveCfg = Debug|Any CPU
		{0ED016BF-B2C5-49C6-94DB-2AB60E01DF93}.Debug|Any CPU.Build.0 = Debug|Any CPU
		{0ED016BF-B2C5-49C6-94DB-2AB60E01DF93}.Release|Any CPU.ActiveCfg = Release|Any CPU
		{0ED016BF-B2C5-49C6-94DB-2AB60E01DF93}.Release|Any CPU.Build.0 = Release|Any CPU
	EndGlobalSection
	GlobalSection(SolutionProperties) = preSolution
		HideSolutionNode = FALSE
	EndGlobalSection
	GlobalSection(ExtensibilityGlobals) = postSolution
		SolutionGuid = {672E8D81-0D67-4EA5-9E0D-F1685A0F691F}
	EndGlobalSection
EndGlobal
